
Microsoft Visual Studio Solution File, Format Version 12.00
# Visual Studio Version 16
VisualStudioVersion = 16.0.29709.97
MinimumVisualStudioVersion = 10.0.40219.1
Project("{FAE04EC0-301F-11D3-BF4B-00C04F79EFBC}") = "DemoAdAuthApi", "DemoAdAuthApi.csproj", "{7B1D68A2-9D11-4DD4-A234-5A932E144D92}"
EndProject
Global
	GlobalSection(SolutionConfigurationPlatforms) = preSolution
		Debug|Any CPU = Debug|Any CPU
		Release|Any CPU = Release|Any CPU
	EndGlobalSection
	GlobalSection(ProjectConfigurationPlatforms) = postSolution
		{7B1D68A2-9D11-4DD4-A234-5A932E144D92}.Debug|Any CPU.ActiveCfg = Debug|Any CPU
		{7B1D68A2-9D11-4DD4-A234-5A932E144D92}.Debug|Any CPU.Build.0 = Debug|Any CPU
		{7B1D68A2-9D11-4DD4-A234-5A932E144D92}.Release|Any CPU.ActiveCfg = Release|Any CPU
		{7B1D68A2-9D11-4DD4-A234-5A932E144D92}.Release|Any CPU.Build.0 = Release|Any CPU
	EndGlobalSection
	GlobalSection(SolutionProperties) = preSolution
		HideSolutionNode = FALSE
	EndGlobalSection
	GlobalSection(ExtensibilityGlobals) = postSolution
		SolutionGuid = {D0A20B4D-ACB5-435C-83F2-9E0987F647BA}
	EndGlobalSection
EndGlobal
